
Microsoft Visual Studio Solution File, Format Version 11.00
# Visual Studio 2010
Project("{FAE04EC0-301F-11D3-BF4B-00C04F79EFBC}") = "WebTrader.Website", "WebTrader.Website\WebTrader.Website.csproj", "{AE255D45-55F5-4E2F-85C8-55273AF99C18}"
EndProject
Project("{FAE04EC0-301F-11D3-BF4B-00C04F79EFBC}") = "WebTrader.Data", "WebTrader.Data\WebTrader.Data.csproj", "{118910E7-322C-4B35-9C03-7A674C511607}"
EndProject
Global
	GlobalSection(SolutionConfigurationPlatforms) = preSolution
		Debug|Any CPU = Debug|Any CPU
		Release|Any CPU = Release|Any CPU
	EndGlobalSection
	GlobalSection(ProjectConfigurationPlatforms) = postSolution
		{AE255D45-55F5-4E2F-85C8-55273AF99C18}.Debug|Any CPU.ActiveCfg = Debug|Any CPU
		{AE255D45-55F5-4E2F-85C8-55273AF99C18}.Debug|Any CPU.Build.0 = Debug|Any CPU
		{AE255D45-55F5-4E2F-85C8-55273AF99C18}.Release|Any CPU.ActiveCfg = Release|Any CPU
		{AE255D45-55F5-4E2F-85C8-55273AF99C18}.Release|Any CPU.Build.0 = Release|Any CPU
		{118910E7-322C-4B35-9C03-7A674C511607}.Debug|Any CPU.ActiveCfg = Debug|Any CPU
		{118910E7-322C-4B35-9C03-7A674C511607}.Debug|Any CPU.Build.0 = Debug|Any CPU
		{118910E7-322C-4B35-9C03-7A674C511607}.Release|Any CPU.ActiveCfg = Release|Any CPU
		{118910E7-322C-4B35-9C03-7A674C511607}.Release|Any CPU.Build.0 = Release|Any CPU
	EndGlobalSection
	GlobalSection(SolutionProperties) = preSolution
		HideSolutionNode = FALSE
	EndGlobalSection
EndGlobal
